
Microsoft Visual Studio Solution File, Format Version 12.00
# Visual Studio Version 16
VisualStudioVersion = 16.0.31624.102
MinimumVisualStudioVersion = 10.0.40219.1
Project("{FAE04EC0-301F-11D3-BF4B-00C04F79EFBC}") = "02EntityFrameworkDatabaseFirst", "02EntityFrameworkDatabaseFirst\02EntityFrameworkDatabaseFirst.csproj", "{07FFD5A1-03C8-426F-A9E0-360242152D88}"
EndProject
Global
	GlobalSection(SolutionConfigurationPlatforms) = preSolution
		Debug|Any CPU = Debug|Any CPU
		Release|Any CPU = Release|Any CPU
	EndGlobalSection
	GlobalSection(ProjectConfigurationPlatforms) = postSolution
		{07FFD5A1-03C8-426F-A9E0-360242152D88}.Debug|Any CPU.ActiveCfg = Debug|Any CPU
		{07FFD5A1-03C8-426F-A9E0-360242152D88}.Debug|Any CPU.Build.0 = Debug|Any CPU
		{07FFD5A1-03C8-426F-A9E0-360242152D88}.Release|Any CPU.ActiveCfg = Release|Any CPU
		{07FFD5A1-03C8-426F-A9E0-360242152D88}.Release|Any CPU.Build.0 = Release|Any CPU
	EndGlobalSection
	GlobalSection(SolutionProperties) = preSolution
		HideSolutionNode = FALSE
	EndGlobalSection
	GlobalSection(ExtensibilityGlobals) = postSolution
		SolutionGuid = {8EE00FBF-77E9-4B2A-BA6E-77B37D90A617}
	EndGlobalSection
EndGlobal
